
Microsoft Visual Studio Solution File, Format Version 12.00
Project("{FAE04EC0-301F-11D3-BF4B-00C04F79EFBC}") = "ConsoleApp", "ConsoleApp\ConsoleApp.csproj", "{45A08426-5EBD-485B-A5E5-B74C76A9EF42}"
EndProject
Project("{FAE04EC0-301F-11D3-BF4B-00C04F79EFBC}") = "MenuSystem", "MenuSystem\MenuSystem.csproj", "{66ADC614-A621-4B1D-B9C5-2F8F33166E23}"
EndProject
Project("{FAE04EC0-301F-11D3-BF4B-00C04F79EFBC}") = "ConsoleUI", "ConsoleUI\ConsoleUI.csproj", "{0625320A-0F07-46D4-BE6C-3D9842C33658}"
EndProject
Project("{FAE04EC0-301F-11D3-BF4B-00C04F79EFBC}") = "GameEngine", "GameEngine\GameEngine.csproj", "{156266B7-7EFE-47FE-BFA7-B57DDCFB4624}"
EndProject
Project("{FAE04EC0-301F-11D3-BF4B-00C04F79EFBC}") = "DAL", "DAL\DAL.csproj", "{24BD0291-FC90-4B68-91FF-7566D98E30A8}"
EndProject
Global
	GlobalSection(SolutionConfigurationPlatforms) = preSolution
		Debug|Any CPU = Debug|Any CPU
		Release|Any CPU = Release|Any CPU
	EndGlobalSection
	GlobalSection(ProjectConfigurationPlatforms) = postSolution
		{45A08426-5EBD-485B-A5E5-B74C76A9EF42}.Debug|Any CPU.ActiveCfg = Debug|Any CPU
		{45A08426-5EBD-485B-A5E5-B74C76A9EF42}.Debug|Any CPU.Build.0 = Debug|Any CPU
		{45A08426-5EBD-485B-A5E5-B74C76A9EF42}.Release|Any CPU.ActiveCfg = Release|Any CPU
		{45A08426-5EBD-485B-A5E5-B74C76A9EF42}.Release|Any CPU.Build.0 = Release|Any CPU
		{66ADC614-A621-4B1D-B9C5-2F8F33166E23}.Debug|Any CPU.ActiveCfg = Debug|Any CPU
		{66ADC614-A621-4B1D-B9C5-2F8F33166E23}.Debug|Any CPU.Build.0 = Debug|Any CPU
		{66ADC614-A621-4B1D-B9C5-2F8F33166E23}.Release|Any CPU.ActiveCfg = Release|Any CPU
		{66ADC614-A621-4B1D-B9C5-2F8F33166E23}.Release|Any CPU.Build.0 = Release|Any CPU
		{0625320A-0F07-46D4-BE6C-3D9842C33658}.Debug|Any CPU.ActiveCfg = Debug|Any CPU
		{0625320A-0F07-46D4-BE6C-3D9842C33658}.Debug|Any CPU.Build.0 = Debug|Any CPU
		{0625320A-0F07-46D4-BE6C-3D9842C33658}.Release|Any CPU.ActiveCfg = Release|Any CPU
		{0625320A-0F07-46D4-BE6C-3D9842C33658}.Release|Any CPU.Build.0 = Release|Any CPU
		{156266B7-7EFE-47FE-BFA7-B57DDCFB4624}.Debug|Any CPU.ActiveCfg = Debug|Any CPU
		{156266B7-7EFE-47FE-BFA7-B57DDCFB4624}.Debug|Any CPU.Build.0 = Debug|Any CPU
		{156266B7-7EFE-47FE-BFA7-B57DDCFB4624}.Release|Any CPU.ActiveCfg = Release|Any CPU
		{156266B7-7EFE-47FE-BFA7-B57DDCFB4624}.Release|Any CPU.Build.0 = Release|Any CPU
		{24BD0291-FC90-4B68-91FF-7566D98E30A8}.Debug|Any CPU.ActiveCfg = Debug|Any CPU
		{24BD0291-FC90-4B68-91FF-7566D98E30A8}.Debug|Any CPU.Build.0 = Debug|Any CPU
		{24BD0291-FC90-4B68-91FF-7566D98E30A8}.Release|Any CPU.ActiveCfg = Release|Any CPU
		{24BD0291-FC90-4B68-91FF-7566D98E30A8}.Release|Any CPU.Build.0 = Release|Any CPU
	EndGlobalSection
EndGlobal
